
Microsoft Visual Studio Solution File, Format Version 12.00
# Visual Studio Version 17
VisualStudioVersion = 17.8.34511.84
MinimumVisualStudioVersion = 10.0.40219.1
Project("{FAE04EC0-301F-11D3-BF4B-00C04F79EFBC}") = "6002CEM_Maui_App", "6002CEM_Maui_App.csproj", "{0F3CF411-DA44-48EC-9C4B-4ED60AF3EE47}"
EndProject
Global
	GlobalSection(SolutionConfigurationPlatforms) = preSolution
		Debug|Any CPU = Debug|Any CPU
		Release|Any CPU = Release|Any CPU
	EndGlobalSection
	GlobalSection(ProjectConfigurationPlatforms) = postSolution
		{0F3CF411-DA44-48EC-9C4B-4ED60AF3EE47}.Debug|Any CPU.ActiveCfg = Debug|Any CPU
		{0F3CF411-DA44-48EC-9C4B-4ED60AF3EE47}.Debug|Any CPU.Build.0 = Debug|Any CPU
		{0F3CF411-DA44-48EC-9C4B-4ED60AF3EE47}.Debug|Any CPU.Deploy.0 = Debug|Any CPU
		{0F3CF411-DA44-48EC-9C4B-4ED60AF3EE47}.Release|Any CPU.ActiveCfg = Release|Any CPU
		{0F3CF411-DA44-48EC-9C4B-4ED60AF3EE47}.Release|Any CPU.Build.0 = Release|Any CPU
		{0F3CF411-DA44-48EC-9C4B-4ED60AF3EE47}.Release|Any CPU.Deploy.0 = Release|Any CPU
	EndGlobalSection
	GlobalSection(SolutionProperties) = preSolution
		HideSolutionNode = FALSE
	EndGlobalSection
	GlobalSection(ExtensibilityGlobals) = postSolution
		SolutionGuid = {91E9AA56-89E5-4863-BE66-1E8C84A544CD}
	EndGlobalSection
EndGlobal
